
Microsoft Visual Studio Solution File, Format Version 12.00
# Visual Studio Version 17
VisualStudioVersion = 17.3.32811.315
MinimumVisualStudioVersion = 10.0.40219.1
Project("{FAE04EC0-301F-11D3-BF4B-00C04F79EFBC}") = "Uppgift2.5", "Uppgift2.5\Uppgift2.5.csproj", "{96FEF5BA-330A-41CE-863D-C225CDC2BEAD}"
EndProject
Global
	GlobalSection(SolutionConfigurationPlatforms) = preSolution
		Debug|Any CPU = Debug|Any CPU
		Release|Any CPU = Release|Any CPU
	EndGlobalSection
	GlobalSection(ProjectConfigurationPlatforms) = postSolution
		{96FEF5BA-330A-41CE-863D-C225CDC2BEAD}.Debug|Any CPU.ActiveCfg = Debug|Any CPU
		{96FEF5BA-330A-41CE-863D-C225CDC2BEAD}.Debug|Any CPU.Build.0 = Debug|Any CPU
		{96FEF5BA-330A-41CE-863D-C225CDC2BEAD}.Release|Any CPU.ActiveCfg = Release|Any CPU
		{96FEF5BA-330A-41CE-863D-C225CDC2BEAD}.Release|Any CPU.Build.0 = Release|Any CPU
	EndGlobalSection
	GlobalSection(SolutionProperties) = preSolution
		HideSolutionNode = FALSE
	EndGlobalSection
	GlobalSection(ExtensibilityGlobals) = postSolution
		SolutionGuid = {14B14528-B317-4BCC-94E5-8C804D39B92E}
	EndGlobalSection
EndGlobal
